hash: 86cb0bfce1072ba1503fb519191bc65d0bae0af4a72d44586a9cb74e23b1abc3
updated: 2019-10-04T23:02:39.680280005Z
imports:
- name: github.com/containernetworking/cni
  version: 530dd71e193012895ff7beee42cd64a02e1993da
  subpackages:
  - pkg/invoke
  - pkg/ip
  - pkg/ipam
  - pkg/ns
  - pkg/skel
  - pkg/testutils
  - pkg/types
  - pkg/version
- name: github.com/coreos/go-iptables
  version: fbb73372b87f6e89951c2b6b31470c2c9d5cfae3
  subpackages:
  - iptables
- name: github.com/onsi/ginkgo
  version: 7f8ab55aaf3b86885aa55b762e803744d1674700
  subpackages:
  - config
  - internal/codelocation
  - internal/containernode
  - internal/failer
  - internal/leafnodes
  - internal/remote
  - internal/spec
  - internal/specrunner
  - internal/suite
  - internal/testingtproxy
  - internal/writer
  - reporters
  - reporters/stenographer
  - types
- name: github.com/onsi/gomega
  version: 2152b45fa28a361beba9aab0885972323a444e28
  subpackages:
  - format
  - internal/assertion
  - internal/asyncassertion
  - internal/oraclematcher
  - internal/testingtsupport
  - matchers
  - matchers/support/goraph/bipartitegraph
  - matchers/support/goraph/edge
  - matchers/support/goraph/node
  - matchers/support/goraph/util
  - types
- name: github.com/stretchr/testify
  version: 221dbe5ed46703ee255b1da0dec05086f5035f62
  subpackages:
  - assert
  - mock
- name: github.com/vishvananda/netlink
  version: a1f8555521646b5a9800f39c5fd477597697135c
  subpackages:
  - nl
- name: github.com/vishvananda/netns
  version: 8ba1072b58e0c2a240eb5f6120165c7776c3e7b8
- name: golang.org/x/sys
  version: 076b546753157f758b316e59bcb51e6807c04057
  subpackages:
  - unix
testImports:
- name: github.com/davecgh/go-spew
  version: d8f796af33cc11cb798c1aaeb27a4ebc5099927d
  subpackages:
  - spew
- name: github.com/pmezard/go-difflib
  version: 5d4384ee4fb2527b0a1256a821ebfc92f91efefc
  subpackages:
  - difflib
- name: github.com/stretchr/objx
  version: 35313a95ee26395aa17d366c71a2ccf788fa69b6
- name: gopkg.in/yaml.v2
  version: f221b8435cfb71e54062f6c6e99e9ade30b124d5
